PODS:
  - Alamofire (5.0.5)
  - IQKeyboardManagerSwift (6.5.6)
  - LGSideMenuController (2.1.1)
  - NVActivityIndicatorView (5.1.1):
    - NVActivityIndicatorView/Base (= 5.1.1)
  - NVActivityIndicatorView/Base (5.1.1)
  - SCLAlertView (0.8)
  - SDWebImage (4.4.8):
    - SDWebImage/Core (= 4.4.8)
  - SDWebImage/Core (4.4.8)
  - SKCountryPicker (1.2.9)
  - SVProgressHUD (2.2.5)
  - VersaPlayer (3.0.2)

DEPENDENCIES:
  - Alamofire (~> 5.0.0-rc.2)
  - IQKeyboardManagerSwift
  - LGSideMenuController
  - NVActivityIndicatorView
  - SCLAlertView
  - SDWebImage (~> 4.0)
  - SKCountryPicker
  - SVProgressHUD
  - VersaPlayer

SPEC REPOS:
  trunk:
    - Alamofire
    - IQKeyboardManagerSwift
    - LGSideMenuController
    - NVActivityIndicatorView
    - SCLAlertView
    - SDWebImage
    - SKCountryPicker
    - SVProgressHUD
    - VersaPlayer

SPEC CHECKSUMS:
  Alamofire: df2f8f826963b08b9a870791ad48e07a10090b2e
  IQKeyboardManagerSwift: c7df9d2deb356c04522f5c4b7b6e4ce4d8ed94fe
  LGSideMenuController: ae40c80983ab8b8801c7cef0a6804d43aaa72d45
  NVActivityIndicatorView: 1f6c5687f1171810aa27a3296814dc2d7dec3667
  SCLAlertView: 6a77bb2edfc65e04dbe57725546cb4107a506b85
  SDWebImage: 783af2c3fa36291a250030c4752ee370a9a51d13
  SKCountryPicker: 7ad1e7dfb482cfb26855e33c2d70dbf1eaf218fe
  SVProgressHUD: 1428aafac632c1f86f62aa4243ec12008d7a51d6
  VersaPlayer: 0e9a0ea7da786729ffb377dbd17b34641a8265e4

PODFILE CHECKSUM: b8712f6f53aa98fd0fbb722e1656fae3eb696bf9

COCOAPODS: 1.9.3
