// !$*UTF8*$!
{
	archiveVersion = 1;
	classes = {
	};
	objectVersion = 50;
	objects = {

/* Begin PBXBuildFile section */
		B34479F42579F3D800A7302B /* AppDelegate.swift in Sources */ = {isa = PBXBuildFile; fileRef = B34479F32579F3D800A7302B /* AppDelegate.swift */; };
		B34479F62579F3D800A7302B /* SceneDelegate.swift in Sources */ = {isa = PBXBuildFile; fileRef = B34479F52579F3D800A7302B /* SceneDelegate.swift */; };
		B34479F82579F3D800A7302B /* ViewController.swift in Sources */ = {isa = PBXBuildFile; fileRef = B34479F72579F3D800A7302B /* ViewController.swift */; };
		B34479FB2579F3D800A7302B /* Main.storyboard in Resources */ = {isa = PBXBuildFile; fileRef = B34479F92579F3D800A7302B /* Main.storyboard */; };
		B34479FD2579F3D900A7302B /* Assets.xcassets in Resources */ = {isa = PBXBuildFile; fileRef = B34479FC2579F3D900A7302B /* Assets.xcassets */; };
		B3447A002579F3D900A7302B /* LaunchScreen.storyboard in Resources */ = {isa = PBXBuildFile; fileRef = B34479FE2579F3D900A7302B /* LaunchScreen.storyboard */; };
		B3447A0B2579F3D900A7302B /* Villar_ScentralTests.swift in Sources */ = {isa = PBXBuildFile; fileRef = B3447A0A2579F3D900A7302B /* Villar_ScentralTests.swift */; };
		B3447A162579F3D900A7302B /* Villar_ScentralUITests.swift in Sources */ = {isa = PBXBuildFile; fileRef = B3447A152579F3D900A7302B /* Villar_ScentralUITests.swift */; };
/* End PBXBuildFile section */

/* Begin PBXContainerItemProxy section */
		B3447A072579F3D900A7302B /* PBXContainerItemProxy */ = {
			isa = PBXContainerItemProxy;
			containerPortal = B34479E82579F3D800A7302B /* Project object */;
			proxyType = 1;
			remoteGlobalIDString = B34479EF2579F3D800A7302B;
			remoteInfo = "Villar Scentral";
		};
		B3447A122579F3D900A7302B /* PBXContainerItemProxy */ = {
			isa = PBXContainerItemProxy;
			containerPortal = B34479E82579F3D800A7302B /* Project object */;
			proxyType = 1;
			remoteGlobalIDString = B34479EF2579F3D800A7302B;
			remoteInfo = "Villar Scentral";
		};
/* End PBXContainerItemProxy section */

/* Begin PBXFileReference section */
		B34479F02579F3D800A7302B /* Villar Scentral.app */ = {isa = PBXFileReference; explicitFileType = wrapper.application; includeInIndex = 0; path = "Villar Scentral.app"; sourceTree = BUILT_PRODUCTS_DIR; };
		B34479F32579F3D800A7302B /* AppDelegate.swift */ = {isa = PBXFileReference; lastKnownFileType = sourcecode.swift; path = AppDelegate.swift; sourceTree = "<group>"; };
		B34479F52579F3D800A7302B /* SceneDelegate.swift */ = {isa = PBXFileReference; lastKnownFileType = sourcecode.swift; path = SceneDelegate.swift; sourceTree = "<group>"; };
		B34479F72579F3D800A7302B /* ViewController.swift */ = {isa = PBXFileReference; lastKnownFileType = sourcecode.swift; path = ViewController.swift; sourceTree = "<group>"; };
		B34479FA2579F3D800A7302B /* Base */ = {isa = PBXFileReference; lastKnownFileType = file.storyboard; name = Base; path = Base.lproj/Main.storyboard; sourceTree = "<group>"; };
		B34479FC2579F3D900A7302B /* Assets.xcassets */ = {isa = PBXFileReference; lastKnownFileType = folder.assetcatalog; path = Assets.xcassets; sourceTree = "<group>"; };
		B34479FF2579F3D900A7302B /* Base */ = {isa = PBXFileReference; lastKnownFileType = file.storyboard; name = Base; path = Base.lproj/LaunchScreen.storyboard; sourceTree = "<group>"; };
		B3447A012579F3D900A7302B /* Info.plist */ = {isa = PBXFileReference; lastKnownFileType = text.plist.xml; path = Info.plist; sourceTree = "<group>"; };
		B3447A062579F3D900A7302B /* Villar ScentralTests.xctest */ = {isa = PBXFileReference; explicitFileType = wrapper.cfbundle; includeInIndex = 0; path = "Villar ScentralTests.xctest"; sourceTree = BUILT_PRODUCTS_DIR; };
		B3447A0A2579F3D900A7302B /* Villar_ScentralTests.swift */ = {isa = PBXFileReference; lastKnownFileType = sourcecode.swift; path = Villar_ScentralTests.swift; sourceTree = "<group>"; };
		B3447A0C2579F3D900A7302B /* Info.plist */ = {isa = PBXFileReference; lastKnownFileType = text.plist.xml; path = Info.plist; sourceTree = "<group>"; };
		B3447A112579F3D900A7302B /* Villar ScentralUITests.xctest */ = {isa = PBXFileReference; explicitFileType = wrapper.cfbundle; includeInIndex = 0; path = "Villar ScentralUITests.xctest"; sourceTree = BUILT_PRODUCTS_DIR; };
		B3447A152579F3D900A7302B /* Villar_ScentralUITests.swift */ = {isa = PBXFileReference; lastKnownFileType = sourcecode.swift; path = Villar_ScentralUITests.swift; sourceTree = "<group>"; };
		B3447A172579F3D900A7302B /* Info.plist */ = {isa = PBXFileReference; lastKnownFileType = text.plist.xml; path = Info.plist; sourceTree = "<group>"; };
/* End PBXFileReference section */

/* Begin PBXFrameworksBuildPhase section */
		B34479ED2579F3D800A7302B /* Frameworks */ = {
			isa = PBXFrameworksBuildPhase;
			buildActionMask = 2147483647;
			files = (
			);
			runOnlyForDeploymentPostprocessing = 0;
		};
		B3447A032579F3D900A7302B /* Frameworks */ = {
			isa = PBXFrameworksBuildPhase;
			buildActionMask = 2147483647;
			files = (
			);
			runOnlyForDeploymentPostprocessing = 0;
		};
		B3447A0E2579F3D900A7302B /* Frameworks */ = {
			isa = PBXFrameworksBuildPhase;
			buildActionMask = 2147483647;
			files = (
			);
			runOnlyForDeploymentPostprocessing = 0;
		};
/* End PBXFrameworksBuildPhase section */

/* Begin PBXGroup section */
		B34479E72579F3D800A7302B = {
			isa = PBXGroup;
			children = (
				B34479F22579F3D800A7302B /* Villar Scentral */,
				B3447A092579F3D900A7302B /* Villar ScentralTests */,
				B3447A142579F3D900A7302B /* Villar ScentralUITests */,
				B34479F12579F3D800A7302B /* Products */,
			);
			sourceTree = "<group>";
		};
		B34479F12579F3D800A7302B /* Products */ = {
			isa = PBXGroup;
			children = (
				B34479F02579F3D800A7302B /* Villar Scentral.app */,
				B3447A062579F3D900A7302B /* Villar ScentralTests.xctest */,
				B3447A112579F3D900A7302B /* Villar ScentralUITests.xctest */,
			);
			name = Products;
			sourceTree = "<group>";
		};
		B34479F22579F3D800A7302B /* Villar Scentral */ = {
			isa = PBXGroup;
			children = (
				B34479F32579F3D800A7302B /* AppDelegate.swift */,
				B34479F52579F3D800A7302B /* SceneDelegate.swift */,
				B34479F72579F3D800A7302B /* ViewController.swift */,
				B34479F92579F3D800A7302B /* Main.storyboard */,
				B34479FC2579F3D900A7302B /* Assets.xcassets */,
				B34479FE2579F3D900A7302B /* LaunchScreen.storyboard */,
				B3447A012579F3D900A7302B /* Info.plist */,
			);
			path = "Villar Scentral";
			sourceTree = "<group>";
		};
		B3447A092579F3D900A7302B /* Villar ScentralTests */ = {
			isa = PBXGroup;
			children = (
				B3447A0A2579F3D900A7302B /* Villar_ScentralTests.swift */,
				B3447A0C2579F3D900A7302B /* Info.plist */,
			);
			path = "Villar ScentralTests";
			sourceTree = "<group>";
		};
		B3447A142579F3D900A7302B /* Villar ScentralUITests */ = {
			isa = PBXGroup;
			children = (
				B3447A152579F3D900A7302B /* Villar_ScentralUITests.swift */,
				B3447A172579F3D900A7302B /* Info.plist */,
			);
			path = "Villar ScentralUITests";
			sourceTree = "<group>";
		};
/* End PBXGroup section */

/* Begin PBXNativeTarget section */
		B34479EF2579F3D800A7302B /* Villar Scentral */ = {
			isa = PBXNativeTarget;
			buildConfigurationList = B3447A1A2579F3D900A7302B /* Build configuration list for PBXNativeTarget "Villar Scentral" */;
			buildPhases = (
				B34479EC2579F3D800A7302B /* Sources */,
				B34479ED2579F3D800A7302B /* Frameworks */,
				B34479EE2579F3D800A7302B /* Resources */,
			);
			buildRules = (
			);
			dependencies = (
			);
			name = "Villar Scentral";
			productName = "Villar Scentral";
			productReference = B34479F02579F3D800A7302B /* Villar Scentral.app */;
			productType = "com.apple.product-type.application";
		};
		B3447A052579F3D900A7302B /* Villar ScentralTests */ = {
			isa = PBXNativeTarget;
			buildConfigurationList = B3447A1D2579F3D900A7302B /* Build configuration list for PBXNativeTarget "Villar ScentralTests" */;
			buildPhases = (
				B3447A022579F3D900A7302B /* Sources */,
				B3447A032579F3D900A7302B /* Frameworks */,
				B3447A042579F3D900A7302B /* Resources */,
			);
			buildRules = (
			);
			dependencies = (
				B3447A082579F3D900A7302B /* PBXTargetDependency */,
			);
			name = "Villar ScentralTests";
			productName = "Villar ScentralTests";
			productReference = B3447A062579F3D900A7302B /* Villar ScentralTests.xctest */;
			productType = "com.apple.product-type.bundle.unit-test";
		};
		B3447A102579F3D900A7302B /* Villar ScentralUITests */ = {
			isa = PBXNativeTarget;
			buildConfigurationList = B3447A202579F3D900A7302B /* Build configuration list for PBXNativeTarget "Villar ScentralUITests" */;
			buildPhases = (
				B3447A0D2579F3D900A7302B /* Sources */,
				B3447A0E2579F3D900A7302B /* Frameworks */,
				B3447A0F2579F3D900A7302B /* Resources */,
			);
			buildRules = (
			);
			dependencies = (
				B3447A132579F3D900A7302B /* PBXTargetDependency */,
			);
			name = "Villar ScentralUITests";
			productName = "Villar ScentralUITests";
			productReference = B3447A112579F3D900A7302B /* Villar ScentralUITests.xctest */;
			productType = "com.apple.product-type.bundle.ui-testing";
		};
/* End PBXNativeTarget section */

/* Begin PBXProject section */
		B34479E82579F3D800A7302B /* Project object */ = {
			isa = PBXProject;
			attributes = {
				LastSwiftUpdateCheck = 1210;
				LastUpgradeCheck = 1210;
				TargetAttributes = {
					B34479EF2579F3D800A7302B = {
						CreatedOnToolsVersion = 12.1;
					};
					B3447A052579F3D900A7302B = {
						CreatedOnToolsVersion = 12.1;
						TestTargetID = B34479EF2579F3D800A7302B;
					};
					B3447A102579F3D900A7302B = {
						CreatedOnToolsVersion = 12.1;
						TestTargetID = B34479EF2579F3D800A7302B;
					};
				};
			};
			buildConfigurationList = B34479EB2579F3D800A7302B /* Build configuration list for PBXProject "Villar Scentral" */;
			compatibilityVersion = "Xcode 9.3";
			developmentRegion = en;
			hasScannedForEncodings = 0;
			knownRegions = (
				en,
				Base,
			);
			mainGroup = B34479E72579F3D800A7302B;
			productRefGroup = B34479F12579F3D800A7302B /* Products */;
			projectDirPath = "";
			projectRoot = "";
			targets = (
				B34479EF2579F3D800A7302B /* Villar Scentral */,
				B3447A052579F3D900A7302B /* Villar ScentralTests */,
				B3447A102579F3D900A7302B /* Villar ScentralUITests */,
			);
		};
/* End PBXProject section */

/* Begin PBXResourcesBuildPhase section */
		B34479EE2579F3D800A7302B /* Resources */ = {
			isa = PBXResourcesBuildPhase;
			buildActionMask = 2147483647;
			files = (
				B3447A002579F3D900A7302B /* LaunchScreen.storyboard in Resources */,
				B34479FD2579F3D900A7302B /* Assets.xcassets in Resources */,
				B34479FB2579F3D800A7302B /* Main.storyboard in Resources */,
			);
			runOnlyForDeploymentPostprocessing = 0;
		};
		B3447A042579F3D900A7302B /* Resources */ = {
			isa = PBXResourcesBuildPhase;
			buildActionMask = 2147483647;
			files = (
			);
			runOnlyForDeploymentPostprocessing = 0;
		};
		B3447A0F2579F3D900A7302B /* Resources */ = {
			isa = PBXResourcesBuildPhase;
			buildActionMask = 2147483647;
			files = (
			);
			runOnlyForDeploymentPostprocessing = 0;
		};
/* End PBXResourcesBuildPhase section */

/* Begin PBXSourcesBuildPhase section */
		B34479EC2579F3D800A7302B /* Sources */ = {
			isa = PBXSourcesBuildPhase;
			buildActionMask = 2147483647;
			files = (
				B34479F82579F3D800A7302B /* ViewController.swift in Sources */,
				B34479F42579F3D800A7302B /* AppDelegate.swift in Sources */,
				B34479F62579F3D800A7302B /* SceneDelegate.swift in Sources */,
			);
			runOnlyForDeploymentPostprocessing = 0;
		};
		B3447A022579F3D900A7302B /* Sources */ = {
			isa = PBXSourcesBuildPhase;
			buildActionMask = 2147483647;
			files = (
				B3447A0B2579F3D900A7302B /* Villar_ScentralTests.swift in Sources */,
			);
			runOnlyForDeploymentPostprocessing = 0;
		};
		B3447A0D2579F3D900A7302B /* Sources */ = {
			isa = PBXSourcesBuildPhase;
			buildActionMask = 2147483647;
			files = (
				B3447A162579F3D900A7302B /* Villar_ScentralUITests.swift in Sources */,
			);
			runOnlyForDeploymentPostprocessing = 0;
		};
/* End PBXSourcesBuildPhase section */

/* Begin PBXTargetDependency section */
		B3447A082579F3D900A7302B /* PBXTargetDependency */ = {
			isa = PBXTargetDependency;
			target = B34479EF2579F3D800A7302B /* Villar Scentral */;
			targetProxy = B3447A072579F3D900A7302B /* PBXContainerItemProxy */;
		};
		B3447A132579F3D900A7302B /* PBXTargetDependency */ = {
			isa = PBXTargetDependency;
			target = B34479EF2579F3D800A7302B /* Villar Scentral */;
			targetProxy = B3447A122579F3D900A7302B /* PBXContainerItemProxy */;
		};
/* End PBXTargetDependency section */

/* Begin PBXVariantGroup section */
		B34479F92579F3D800A7302B /* Main.storyboard */ = {
			isa = PBXVariantGroup;
			children = (
				B34479FA2579F3D800A7302B /* Base */,
			);
			name = Main.storyboard;
			sourceTree = "<group>";
		};
		B34479FE2579F3D900A7302B /* LaunchScreen.storyboard */ = {
			isa = PBXVariantGroup;
			children = (
				B34479FF2579F3D900A7302B /* Base */,
			);
			name = LaunchScreen.storyboard;
			sourceTree = "<group>";
		};
/* End PBXVariantGroup section */

/* Begin XCBuildConfiguration section */
		B3447A182579F3D900A7302B /* Debug */ = {
			isa = XCBuildConfiguration;
			buildSettings = {
				ALWAYS_SEARCH_USER_PATHS = NO;
				CLANG_ANALYZER_NONNULL = YES;
				CLANG_ANALYZER_NUMBER_OBJECT_CONVERSION = YES_AGGRESSIVE;
				CLANG_CXX_LANGUAGE_STANDARD = "gnu++14";
				CLANG_CXX_LIBRARY = "libc++";
				CLANG_ENABLE_MODULES = YES;
				CLANG_ENABLE_OBJC_ARC = YES;
				CLANG_ENABLE_OBJC_WEAK = YES;
				CLANG_WARN_BLOCK_CAPTURE_AUTORELEASING = YES;
				CLANG_WARN_BOOL_CONVERSION = YES;
				CLANG_WARN_COMMA = YES;
				CLANG_WARN_CONSTANT_CONVERSION = YES;
				CLANG_WARN_DEPRECATED_OBJC_IMPLEMENTATIONS = YES;
				CLANG_WARN_DIRECT_OBJC_ISA_USAGE = YES_ERROR;
				CLANG_WARN_DOCUMENTATION_COMMENTS = YES;
				CLANG_WARN_EMPTY_BODY = YES;
				CLANG_WARN_ENUM_CONVERSION = YES;
				CLANG_WARN_INFINITE_RECURSION = YES;
				CLANG_WARN_INT_CONVERSION = YES;
				CLANG_WARN_NON_LITERAL_NULL_CONVERSION = YES;
				CLANG_WARN_OBJC_IMPLICIT_RETAIN_SELF = YES;
				CLANG_WARN_OBJC_LITERAL_CONVERSION = YES;
				CLANG_WARN_OBJC_ROOT_CLASS = YES_ERROR;
				CLANG_WARN_QUOTED_INCLUDE_IN_FRAMEWORK_HEADER = YES;
				CLANG_WARN_RANGE_LOOP_ANALYSIS = YES;
				CLANG_WARN_STRICT_PROTOTYPES = YES;
				CLANG_WARN_SUSPICIOUS_MOVE = YES;
				CLANG_WARN_UNGUARDED_AVAILABILITY = YES_AGGRESSIVE;
				CLANG_WARN_UNREACHABLE_CODE = YES;
				CLANG_WARN__DUPLICATE_METHOD_MATCH = YES;
				COPY_PHASE_STRIP = NO;
				DEBUG_INFORMATION_FORMAT = dwarf;
				ENABLE_STRICT_OBJC_MSGSEND = YES;
				ENABLE_TESTABILITY = YES;
				GCC_C_LANGUAGE_STANDARD = gnu11;
				GCC_DYNAMIC_NO_PIC = NO;
				GCC_NO_COMMON_BLOCKS = YES;
				GCC_OPTIMIZATION_LEVEL = 0;
				GCC_PREPROCESSOR_DEFINITIONS = (
					"DEBUG=1",
					"$(inherited)",
				);
				GCC_WARN_64_TO_32_BIT_CONVERSION = YES;
				GCC_WARN_ABOUT_RETURN_TYPE = YES_ERROR;
				GCC_WARN_UNDECLARED_SELECTOR = YES;
				GCC_WARN_UNINITIALIZED_AUTOS = YES_AGGRESSIVE;
				GCC_WARN_UNUSED_FUNCTION = YES;
				GCC_WARN_UNUSED_VARIABLE = YES;
				IPHONEOS_DEPLOYMENT_TARGET = 14.1;
				MTL_ENABLE_DEBUG_INFO = INCLUDE_SOURCE;
				MTL_FAST_MATH = YES;
				ONLY_ACTIVE_ARCH = YES;
				SDKROOT = iphoneos;
				SWIFT_ACTIVE_COMPILATION_CONDITIONS = DEBUG;
				SWIFT_OPTIMIZATION_LEVEL = "-Onone";
			};
			name = Debug;
		};
		B3447A192579F3D900A7302B /* Release */ = {
			isa = XCBuildConfiguration;
			buildSettings = {
				ALWAYS_SEARCH_USER_PATHS = NO;
				CLANG_ANALYZER_NONNULL = YES;
				CLANG_ANALYZER_NUMBER_OBJECT_CONVERSION = YES_AGGRESSIVE;
				CLANG_CXX_LANGUAGE_STANDARD = "gnu++14";
				CLANG_CXX_LIBRARY = "libc++";
				CLANG_ENABLE_MODULES = YES;
				CLANG_ENABLE_OBJC_ARC = YES;
				CLANG_ENABLE_OBJC_WEAK = YES;
				CLANG_WARN_BLOCK_CAPTURE_AUTORELEASING = YES;
				CLANG_WARN_BOOL_CONVERSION = YES;
				CLANG_WARN_COMMA = YES;
				CLANG_WARN_CONSTANT_CONVERSION = YES;
				CLANG_WARN_DEPRECATED_OBJC_IMPLEMENTATIONS = YES;
				CLANG_WARN_DIRECT_OBJC_ISA_USAGE = YES_ERROR;
				CLANG_WARN_DOCUMENTATION_COMMENTS = YES;
				CLANG_WARN_EMPTY_BODY = YES;
				CLANG_WARN_ENUM_CONVERSION = YES;
				CLANG_WARN_INFINITE_RECURSION = YES;
				CLANG_WARN_INT_CONVERSION = YES;
				CLANG_WARN_NON_LITERAL_NULL_CONVERSION = YES;
				CLANG_WARN_OBJC_IMPLICIT_RETAIN_SELF = YES;
				CLANG_WARN_OBJC_LITERAL_CONVERSION = YES;
				CLANG_WARN_OBJC_ROOT_CLASS = YES_ERROR;
				CLANG_WARN_QUOTED_INCLUDE_IN_FRAMEWORK_HEADER = YES;
				CLANG_WARN_RANGE_LOOP_ANALYSIS = YES;
				CLANG_WARN_STRICT_PROTOTYPES = YES;
				CLANG_WARN_SUSPICIOUS_MOVE = YES;
				CLANG_WARN_UNGUARDED_AVAILABILITY = YES_AGGRESSIVE;
				CLANG_WARN_UNREACHABLE_CODE = YES;
				CLANG_WARN__DUPLICATE_METHOD_MATCH = YES;
				COPY_PHASE_STRIP = NO;
				DEBUG_INFORMATION_FORMAT = "dwarf-with-dsym";
				ENABLE_NS_ASSERTIONS = NO;
				ENABLE_STRICT_OBJC_MSGSEND = YES;
				GCC_C_LANGUAGE_STANDARD = gnu11;
				GCC_NO_COMMON_BLOCKS = YES;
				GCC_WARN_64_TO_32_BIT_CONVERSION = YES;
				GCC_WARN_ABOUT_RETURN_TYPE = YES_ERROR;
				GCC_WARN_UNDECLARED_SELECTOR = YES;
				GCC_WARN_UNINITIALIZED_AUTOS = YES_AGGRESSIVE;
				GCC_WARN_UNUSED_FUNCTION = YES;
				GCC_WARN_UNUSED_VARIABLE = YES;
				IPHONEOS_DEPLOYMENT_TARGET = 14.1;
				MTL_ENABLE_DEBUG_INFO = NO;
				MTL_FAST_MATH = YES;
				SDKROOT = iphoneos;
				SWIFT_COMPILATION_MODE = wholemodule;
				SWIFT_OPTIMIZATION_LEVEL = "-O";
				VALIDATE_PRODUCT = YES;
			};
			name = Release;
		};
		B3447A1B2579F3D900A7302B /* Debug */ = {
			isa = XCBuildConfiguration;
			buildSettings = {
				ASSETCATALOG_COMPILER_APPICON_NAME = AppIcon;
				ASSETCATALOG_COMPILER_GLOBAL_ACCENT_COLOR_NAME = AccentColor;
				CODE_SIGN_STYLE = Automatic;
				INFOPLIST_FILE = "Villar Scentral/Info.plist";
				LD_RUNPATH_SEARCH_PATHS = (
					"$(inherited)",
					"@executable_path/Frameworks",
				);
				PRODUCT_BUNDLE_IDENTIFIER = "dharmani-apps.Villar-Scentral";
				PRODUCT_NAME = "$(TARGET_NAME)";
				SWIFT_VERSION = 5.0;
				TARGETED_DEVICE_FAMILY = "1,2";
			};
			name = Debug;
		};
		B3447A1C2579F3D900A7302B /* Release */ = {
			isa = XCBuildConfiguration;
			buildSettings = {
				ASSETCATALOG_COMPILER_APPICON_NAME = AppIcon;
				ASSETCATALOG_COMPILER_GLOBAL_ACCENT_COLOR_NAME = AccentColor;
				CODE_SIGN_STYLE = Automatic;
				INFOPLIST_FILE = "Villar Scentral/Info.plist";
				LD_RUNPATH_SEARCH_PATHS = (
					"$(inherited)",
					"@executable_path/Frameworks",
				);
				PRODUCT_BUNDLE_IDENTIFIER = "dharmani-apps.Villar-Scentral";
				PRODUCT_NAME = "$(TARGET_NAME)";
				SWIFT_VERSION = 5.0;
				TARGETED_DEVICE_FAMILY = "1,2";
			};
			name = Release;
		};
		B3447A1E2579F3D900A7302B /* Debug */ = {
			isa = XCBuildConfiguration;
			buildSettings = {
				ALWAYS_EMBED_SWIFT_STANDARD_LIBRARIES = YES;
				BUNDLE_LOADER = "$(TEST_HOST)";
				CODE_SIGN_STYLE = Automatic;
				INFOPLIST_FILE = "Villar ScentralTests/Info.plist";
				IPHONEOS_DEPLOYMENT_TARGET = 14.1;
				LD_RUNPATH_SEARCH_PATHS = (
					"$(inherited)",
					"@executable_path/Frameworks",
					"@loader_path/Frameworks",
				);
				PRODUCT_BUNDLE_IDENTIFIER = "dharmani-apps.Villar-ScentralTests";
				PRODUCT_NAME = "$(TARGET_NAME)";
				SWIFT_VERSION = 5.0;
				TARGETED_DEVICE_FAMILY = "1,2";
				TEST_HOST = "$(BUILT_PRODUCTS_DIR)/Villar Scentral.app/Villar Scentral";
			};
			name = Debug;
		};
		B3447A1F2579F3D900A7302B /* Release */ = {
			isa = XCBuildConfiguration;
			buildSettings = {
				ALWAYS_EMBED_SWIFT_STANDARD_LIBRARIES = YES;
				BUNDLE_LOADER = "$(TEST_HOST)";
				CODE_SIGN_STYLE = Automatic;
				INFOPLIST_FILE = "Villar ScentralTests/Info.plist";
				IPHONEOS_DEPLOYMENT_TARGET = 14.1;
				LD_RUNPATH_SEARCH_PATHS = (
					"$(inherited)",
					"@executable_path/Frameworks",
					"@loader_path/Frameworks",
				);
				PRODUCT_BUNDLE_IDENTIFIER = "dharmani-apps.Villar-ScentralTests";
				PRODUCT_NAME = "$(TARGET_NAME)";
				SWIFT_VERSION = 5.0;
				TARGETED_DEVICE_FAMILY = "1,2";
				TEST_HOST = "$(BUILT_PRODUCTS_DIR)/Villar Scentral.app/Villar Scentral";
			};
			name = Release;
		};
		B3447A212579F3D900A7302B /* Debug */ = {
			isa = XCBuildConfiguration;
			buildSettings = {
				ALWAYS_EMBED_SWIFT_STANDARD_LIBRARIES = YES;
				CODE_SIGN_STYLE = Automatic;
				INFOPLIST_FILE = "Villar ScentralUITests/Info.plist";
				LD_RUNPATH_SEARCH_PATHS = (
					"$(inherited)",
					"@executable_path/Frameworks",
					"@loader_path/Frameworks",
				);
				PRODUCT_BUNDLE_IDENTIFIER = "dharmani-apps.Villar-ScentralUITests";
				PRODUCT_NAME = "$(TARGET_NAME)";
				SWIFT_VERSION = 5.0;
				TARGETED_DEVICE_FAMILY = "1,2";
				TEST_TARGET_NAME = "Villar Scentral";
			};
			name = Debug;
		};
		B3447A222579F3D900A7302B /* Release */ = {
			isa = XCBuildConfiguration;
			buildSettings = {
				ALWAYS_EMBED_SWIFT_STANDARD_LIBRARIES = YES;
				CODE_SIGN_STYLE = Automatic;
				INFOPLIST_FILE = "Villar ScentralUITests/Info.plist";
				LD_RUNPATH_SEARCH_PATHS = (
					"$(inherited)",
					"@executable_path/Frameworks",
					"@loader_path/Frameworks",
				);
				PRODUCT_BUNDLE_IDENTIFIER = "dharmani-apps.Villar-ScentralUITests";
				PRODUCT_NAME = "$(TARGET_NAME)";
				SWIFT_VERSION = 5.0;
				TARGETED_DEVICE_FAMILY = "1,2";
				TEST_TARGET_NAME = "Villar Scentral";
			};
			name = Release;
		};
/* End XCBuildConfiguration section */

/* Begin XCConfigurationList section */
		B34479EB2579F3D800A7302B /* Build configuration list for PBXProject "Villar Scentral" */ = {
			isa = XCConfigurationList;
			buildConfigurations = (
				B3447A182579F3D900A7302B /* Debug */,
				B3447A192579F3D900A7302B /* Release */,
			);
			defaultConfigurationIsVisible = 0;
			defaultConfigurationName = Release;
		};
		B3447A1A2579F3D900A7302B /* Build configuration list for PBXNativeTarget "Villar Scentral" */ = {
			isa = XCConfigurationList;
			buildConfigurations = (
				B3447A1B2579F3D900A7302B /* Debug */,
				B3447A1C2579F3D900A7302B /* Release */,
			);
			defaultConfigurationIsVisible = 0;
			defaultConfigurationName = Release;
		};
		B3447A1D2579F3D900A7302B /* Build configuration list for PBXNativeTarget "Villar ScentralTests" */ = {
			isa = XCConfigurationList;
			buildConfigurations = (
				B3447A1E2579F3D900A7302B /* Debug */,
				B3447A1F2579F3D900A7302B /* Release */,
			);
			defaultConfigurationIsVisible = 0;
			defaultConfigurationName = Release;
		};
		B3447A202579F3D900A7302B /* Build configuration list for PBXNativeTarget "Villar ScentralUITests" */ = {
			isa = XCConfigurationList;
			buildConfigurations = (
				B3447A212579F3D900A7302B /* Debug */,
				B3447A222579F3D900A7302B /* Release */,
			);
			defaultConfigurationIsVisible = 0;
			defaultConfigurationName = Release;
		};
/* End XCConfigurationList section */
	};
	rootObject = B34479E82579F3D800A7302B /* Project object */;
}
